Microsoft Visual Studio Solution File, Format Version 12.00
# Visual Studio 2012
Project("{FAE04EC0-301F-11D3-BF4B-00C04F79EFBC}") = "tesr", "tesr.csproj", "{F989A1B5-1C29-4420-B837-7789418AF2D3}"
EndProject
Global
	GlobalSection(SolutionConfigurationPlatforms) = preSolution
	Debug|Any CPU = Debug|Any CPU
	ExportDebug|Any CPU = ExportDebug|Any CPU
	ExportRelease|Any CPU = ExportRelease|Any CPU
	EndGlobalSection
	GlobalSection(ProjectConfigurationPlatforms) = postSolution
		{F989A1B5-1C29-4420-B837-7789418AF2D3}.Debug|Any CPU.ActiveCfg = Debug|Any CPU
		{F989A1B5-1C29-4420-B837-7789418AF2D3}.Debug|Any CPU.Build.0 = Debug|Any CPU
		{F989A1B5-1C29-4420-B837-7789418AF2D3}.ExportDebug|Any CPU.ActiveCfg = ExportDebug|Any CPU
		{F989A1B5-1C29-4420-B837-7789418AF2D3}.ExportDebug|Any CPU.Build.0 = ExportDebug|Any CPU
		{F989A1B5-1C29-4420-B837-7789418AF2D3}.ExportRelease|Any CPU.ActiveCfg = ExportRelease|Any CPU
		{F989A1B5-1C29-4420-B837-7789418AF2D3}.ExportRelease|Any CPU.Build.0 = ExportRelease|Any CPU
	EndGlobalSection
EndGlobal
